
Microsoft Visual Studio Solution File, Format Version 12.00
# Visual Studio 2013
VisualStudioVersion = 12.0.21005.1
MinimumVisualStudioVersion = 10.0.40219.1
Project("{FAE04EC0-301F-11D3-BF4B-00C04F79EFBC}") = "WCFChat", "WCFChat\WCFChat.csproj", "{C7EFF923-E95A-4654-AC26-5DE61AF21C4C}"
EndProject
Project("{FAE04EC0-301F-11D3-BF4B-00C04F79EFBC}") = "TestClient", "TestClient\TestClient.csproj", "{52E481CD-24B6-41D8-A50F-4B3B65C226CB}"
	ProjectSection(ProjectDependencies) = postProject
		{C7EFF923-E95A-4654-AC26-5DE61AF21C4C} = {C7EFF923-E95A-4654-AC26-5DE61AF21C4C}
	EndProjectSection
EndProject
Project("{FAE04EC0-301F-11D3-BF4B-00C04F79EFBC}") = "Model", "Model\Model.csproj", "{A42C0549-1440-4345-8FE9-C2644908BA53}"
EndProject
Global
	GlobalSection(SolutionConfigurationPlatforms) = preSolution
		Debug|Any CPU = Debug|Any CPU
		Release|Any CPU = Release|Any CPU
	EndGlobalSection
	GlobalSection(ProjectConfigurationPlatforms) = postSolution
		{C7EFF923-E95A-4654-AC26-5DE61AF21C4C}.Debug|Any CPU.ActiveCfg = Debug|Any CPU
		{C7EFF923-E95A-4654-AC26-5DE61AF21C4C}.Debug|Any CPU.Build.0 = Debug|Any CPU
		{C7EFF923-E95A-4654-AC26-5DE61AF21C4C}.Release|Any CPU.ActiveCfg = Release|Any CPU
		{C7EFF923-E95A-4654-AC26-5DE61AF21C4C}.Release|Any CPU.Build.0 = Release|Any CPU
		{52E481CD-24B6-41D8-A50F-4B3B65C226CB}.Debug|Any CPU.ActiveCfg = Debug|Any CPU
		{52E481CD-24B6-41D8-A50F-4B3B65C226CB}.Debug|Any CPU.Build.0 = Debug|Any CPU
		{52E481CD-24B6-41D8-A50F-4B3B65C226CB}.Release|Any CPU.ActiveCfg = Release|Any CPU
		{52E481CD-24B6-41D8-A50F-4B3B65C226CB}.Release|Any CPU.Build.0 = Release|Any CPU
		{A42C0549-1440-4345-8FE9-C2644908BA53}.Debug|Any CPU.ActiveCfg = Debug|Any CPU
		{A42C0549-1440-4345-8FE9-C2644908BA53}.Debug|Any CPU.Build.0 = Debug|Any CPU
		{A42C0549-1440-4345-8FE9-C2644908BA53}.Release|Any CPU.ActiveCfg = Release|Any CPU
		{A42C0549-1440-4345-8FE9-C2644908BA53}.Release|Any CPU.Build.0 = Release|Any CPU
	EndGlobalSection
	GlobalSection(SolutionProperties) = preSolution
		HideSolutionNode = FALSE
	EndGlobalSection
EndGlobal
